# This file is automatically @generated by Cargo.
# It is not intended for manual editing.
version = 3

[[package]]
name = "actix"
version = "0.13.0"
source = "registry+https://github.com/rust-lang/crates.io-index"
checksum = "f728064aca1c318585bf4bb04ffcfac9e75e508ab4e8b1bd9ba5dfe04e2cbed5"
dependencies = [
 "actix-rt",
 "actix_derive",
 "bitflags 1.3.2",
 "bytes",
 "crossbeam-channel",
 "futures-core",
 "futures-sink",
 "futures-task",
 "futures-util",
 "log",
 "once_cell",
 "parking_lot",
 "pin-project-lite",
 "smallvec",
 "tokio",
 "tokio-util",
]

[[package]]
name = "actix-codec"
version = "0.