# This file is automatically @generated by Cargo.
# It is not intended for manual editing.
version = 3

[[package]]
name = "actix"
version = "0.13.0"
source = "registry+https://github.com/rust-lang/crates.io-index"
checksum = "f728064aca1c318585bf4bb04ffcfac9e75e508ab4e8b1bd9ba5dfe04e2cbed5"
dependencies = [
 "actix-rt",
 "actix_derive",
 "bitflags 1.3.2",
 "bytes",
 "crossbeam-channel",
 "futures-core",
 "futures-sink",
 "futures-task",
 "futures-util",
 "log",
 "once_cell",
 "parking_lot",
 "pin-project-lite",
 "smallvec",
 "tokio",
 "tokio-util",
]

[[package]]
name = "actix-codec"
version = "0.5.1"
source = "registry+https://github.com/rust-lang/crates.io-index"
checksum = "617a8268e3537fe1d8c9ead925fca49ef6400927ee7bc26750e90ecee14ce4b8"
dependencies = [
 "bitflags 1.3.2",
 "bytes",
 "futures-core",
 "futures-sink",
 "memchr",
 "pin-project-lite",
 "tokio",
 "tokio-util",
 "tracing",
]

[[package]]
name = "actix-http"
version = "3.3.1"
source = "registry+https://github.com/rust-lang/crates.io-index"
checksum = "c2079246596c18b4a33e274ae10c0e50613f4d32a4198e09c7b93771013fed74"
dependencies = [
 "actix-codec",
 "actix-rt",
 "actix-service",
 "actix-utils",
 "ahash 0.8.3",
 "base64 0.21.2",
 "bitflags 1.3.2",
 "brotli",
 "bytes",
 "bytestring",
 "derive_more",
 "encoding_rs",
 "flate2",
 "futures-core",
 "h2",
 "http",
 "httparse",
 "httpdate",
 "itoa",
 "language-tags",
 "local-channel",
 "mime",
 "percent-encoding",
 "pin-project-lite",
 "rand",
 "sha1",
 "smallvec",
 "tokio",
 "tokio-util",
 "tracing",
 "zstd 0.12.4",
]

[[package]]
name = "actix-macros"
version = "0.2.4"
source = "registry+https://github.com/rust-lang/crates.io-index"
checksum = "e01ed3140b2f8d422c68afa1ed2e85d996ea619c988ac834d255db32138655cb"
dependencies = [
 "quote",
 "syn 2.0.29",
]

[[package]]
name = "actix-router"
version = "0.5.1"
source = "registry+https://github.com/rust-lang/crates.io-index"
checksum = "d66ff4d247d2b160861fa2866457e85706833527840e4133f8f49aa423a38799"
dependencies = [
 "bytestring",
 "http",
 "regex",
 "serde",
 "tracing",
]

[[package]]
name = "actix-rt"
version = "2.8.0"
source = "registry+https://github.com/rust-lang/crates.io-index"
checksum = "15265b6b8e2347670eb363c47fc8c75208b4a4994b27192f345fcbe707804f3e"
dependencies = [
 "actix-macros",
 "futures-core",
 "tokio",
]

[[package]]
name = "actix-server"
version = "2.2.0"
source = "registry+https://github.com/rust-lang/crates.io-index"
checksum = "3e8613a75dd50cc45f473cee3c34d59ed677c0f7b44480ce3b8247d7dc519327"
dependencies = [
 "actix-rt",
 "actix-service",
 "actix-utils",
 "futures-core",
 "futures-util",
 "mio",
 "num_cpus",
 "socket2 0.4.9",
 "tokio",
 "tracing",
]

[[package]]
name = "actix-service"
version = "2.0.2"
source = "registry+https://github.com/rust-lang/crates.io-index"
checksum = "3b894941f818cfdc7ccc4b9e60fa7e53b5042a2e8567270f9147d5591893373a"
dependencies = [
 "futures-core",
 "paste",
 "pin-project-lite",
]

[[package]]
name = "actix-utils"
version = "3.0.1"
source = "registry+https://github.com/rust-lang/crates.io-index"
checksum = "88a1dcdff1466e3c2488e1cb5c36a71822750ad43839937f85d2f4d9f8b705d